
Microsoft Visual Studio Solution File, Format Version 12.00
# Visual Studio Version 16
VisualStudioVersion = 16.0.30406.217
MinimumVisualStudioVersion = 10.0.40219.1
Project("{9092AA53-FB77-4645-B42D-1CCCA6BD08BD}") = "nigit", "nigit.njsproj", "{DC97C4A8-95BD-4C6A-9431-8FDB71E85755}"
EndProject
Global
	GlobalSection(SolutionConfigurationPlatforms) = preSolution
		Debug|Any CPU = Debug|Any CPU
		Release|Any CPU = Release|Any CPU
	EndGlobalSection
	GlobalSection(ProjectConfigurationPlatforms) = postSolution
		{DC97C4A8-95BD-4C6A-9431-8FDB71E85755}.Debug|Any CPU.ActiveCfg = Debug|Any CPU
		{DC97C4A8-95BD-4C6A-9431-8FDB71E85755}.Debug|Any CPU.Build.0 = Debug|Any CPU
		{DC97C4A8-95BD-4C6A-9431-8FDB71E85755}.Release|Any CPU.ActiveCfg = Release|Any CPU
		{DC97C4A8-95BD-4C6A-9431-8FDB71E85755}.Release|Any CPU.Build.0 = Release|Any CPU
	EndGlobalSection
	GlobalSection(SolutionProperties) = preSolution
		HideSolutionNode = FALSE
	EndGlobalSection
	GlobalSection(ExtensibilityGlobals) = postSolution
		SolutionGuid = {D6AF6FD2-FAAF-46D7-B509-7223A3669EE0}
	EndGlobalSection
EndGlobal
